
Microsoft Visual Studio Solution File, Format Version 12.00
# Visual Studio Version 17
VisualStudioVersion = 17.7.34202.233
MinimumVisualStudioVersion = 10.0.40219.1
Project("{9A19103F-16F7-4668-BE54-9A1E7A4F7556}") = "BlackAnt's Test Program", "BlackAnt's Test Program\BlackAnt's Test Program.csproj", "{3A1A34A0-5AFF-48C9-8993-849EE6DFB871}"
EndProject
Project("{9A19103F-16F7-4668-BE54-9A1E7A4F7556}") = "WinVer", "WinVer\WinVer\WinVer.csproj", "{BD17DC8F-2371-4D76-9CA2-90F8183367A4}"
EndProject
Global
	GlobalSection(SolutionConfigurationPlatforms) = preSolution
		Debug|Any CPU = Debug|Any CPU
		Release|Any CPU = Release|Any CPU
	EndGlobalSection
	GlobalSection(ProjectConfigurationPlatforms) = postSolution
		{3A1A34A0-5AFF-48C9-8993-849EE6DFB871}.Debug|Any CPU.ActiveCfg = Debug|Any CPU
		{3A1A34A0-5AFF-48C9-8993-849EE6DFB871}.Debug|Any CPU.Build.0 = Debug|Any CPU
		{3A1A34A0-5AFF-48C9-8993-849EE6DFB871}.Release|Any CPU.ActiveCfg = Release|Any CPU
		{3A1A34A0-5AFF-48C9-8993-849EE6DFB871}.Release|Any CPU.Build.0 = Release|Any CPU
		{BD17DC8F-2371-4D76-9CA2-90F8183367A4}.Debug|Any CPU.ActiveCfg = Debug|Any CPU
		{BD17DC8F-2371-4D76-9CA2-90F8183367A4}.Debug|Any CPU.Build.0 = Debug|Any CPU
		{BD17DC8F-2371-4D76-9CA2-90F8183367A4}.Release|Any CPU.ActiveCfg = Release|Any CPU
		{BD17DC8F-2371-4D76-9CA2-90F8183367A4}.Release|Any CPU.Build.0 = Release|Any CPU
	EndGlobalSection
	GlobalSection(SolutionProperties) = preSolution
		HideSolutionNode = FALSE
	EndGlobalSection
	GlobalSection(ExtensibilityGlobals) = postSolution
		SolutionGuid = {1B51141E-A38A-4691-BE57-C791DBB4650B}
	EndGlobalSection
EndGlobal
